
Microsoft Visual Studio Solution File, Format Version 12.00
# Visual Studio Version 17
VisualStudioVersion = 17.5.33530.505
MinimumVisualStudioVersion = 10.0.40219.1
Project("{FAE04EC0-301F-11D3-BF4B-00C04F79EFBC}") = "CityInfo.API", "CityInfo.API.csproj", "{9F6837F1-1D47-4209-8706-FDD1FEAD6676}"
EndProject
Global
	GlobalSection(SolutionConfigurationPlatforms) = preSolution
		Debug|Any CPU = Debug|Any CPU
		Release|Any CPU = Release|Any CPU
	EndGlobalSection
	GlobalSection(ProjectConfigurationPlatforms) = postSolution
		{9F6837F1-1D47-4209-8706-FDD1FEAD6676}.Debug|Any CPU.ActiveCfg = Debug|Any CPU
		{9F6837F1-1D47-4209-8706-FDD1FEAD6676}.Debug|Any CPU.Build.0 = Debug|Any CPU
		{9F6837F1-1D47-4209-8706-FDD1FEAD6676}.Release|Any CPU.ActiveCfg = Release|Any CPU
		{9F6837F1-1D47-4209-8706-FDD1FEAD6676}.Release|Any CPU.Build.0 = Release|Any CPU
	EndGlobalSection
	GlobalSection(SolutionProperties) = preSolution
		HideSolutionNode = FALSE
	EndGlobalSection
	GlobalSection(ExtensibilityGlobals) = postSolution
		SolutionGuid = {779DD9EE-3AC0-4D93-BA03-D191F357DC05}
	EndGlobalSection
EndGlobal
